
Microsoft Visual Studio Solution File, Format Version 12.00
# Visual Studio Version 17
VisualStudioVersion = 17.0.32014.148
MinimumVisualStudioVersion = 10.0.40219.1
Project("{FAE04EC0-301F-11D3-BF4B-00C04F79EFBC}") = "ServiceBookingCourseProject", "ServiceBookingCourseProject\ServiceBookingCourseProject.csproj", "{1E8E69F4-CC9A-476A-8352-E8F3A059D207}"
EndProject
Global
	GlobalSection(SolutionConfigurationPlatforms) = preSolution
		Debug|Any CPU = Debug|Any CPU
		Release|Any CPU = Release|Any CPU
	EndGlobalSection
	GlobalSection(ProjectConfigurationPlatforms) = postSolution
		{1E8E69F4-CC9A-476A-8352-E8F3A059D207}.Debug|Any CPU.ActiveCfg = Debug|Any CPU
		{1E8E69F4-CC9A-476A-8352-E8F3A059D207}.Debug|Any CPU.Build.0 = Debug|Any CPU
		{1E8E69F4-CC9A-476A-8352-E8F3A059D207}.Release|Any CPU.ActiveCfg = Release|Any CPU
		{1E8E69F4-CC9A-476A-8352-E8F3A059D207}.Release|Any CPU.Build.0 = Release|Any CPU
	EndGlobalSection
	GlobalSection(SolutionProperties) = preSolution
		HideSolutionNode = FALSE
	EndGlobalSection
	GlobalSection(ExtensibilityGlobals) = postSolution
		SolutionGuid = {7EF3CDF9-F75B-4E74-858B-B52EA6DBB2A8}
	EndGlobalSection
EndGlobal
